
Microsoft Visual Studio Solution File, Format Version 10.00
# Visual Studio 2008
Project("{FAE04EC0-301F-11D3-BF4B-00C04F79EFBC}") = "pacmanSENG403", "pacman-seng403\pacmanSENG403.csproj", "{285985DD-1FB4-4F4F-A41F-9B14FA8B80CF}"
EndProject
Global
	GlobalSection(SolutionConfigurationPlatforms) = preSolution
		Debug|Any CPU = Debug|Any CPU
		Release|Any CPU = Release|Any CPU
	EndGlobalSection
	GlobalSection(ProjectConfigurationPlatforms) = postSolution
		{285985DD-1FB4-4F4F-A41F-9B14FA8B80CF}.Debug|Any CPU.ActiveCfg = Debug|Any CPU
		{285985DD-1FB4-4F4F-A41F-9B14FA8B80CF}.Debug|Any CPU.Build.0 = Debug|Any CPU
		{285985DD-1FB4-4F4F-A41F-9B14FA8B80CF}.Release|Any CPU.ActiveCfg = Release|Any CPU
		{285985DD-1FB4-4F4F-A41F-9B14FA8B80CF}.Release|Any CPU.Build.0 = Release|Any CPU
	EndGlobalSection
	GlobalSection(SolutionProperties) = preSolution
		HideSolutionNode = FALSE
	EndGlobalSection
EndGlobal
